
Microsoft Visual Studio Solution File, Format Version 12.00
# Visual Studio Version 17
VisualStudioVersion = 17.4.33122.133
MinimumVisualStudioVersion = 10.0.40219.1
Project("{888888A0-9F3D-457C-B088-3A5042F75D52}") = "PasswordGeneratorPython", "PasswordGeneratorPython\PasswordGeneratorPython.pyproj", "{D8145088-B660-44CE-8720-4B07AD48E978}"
EndProject
Global
	GlobalSection(SolutionConfigurationPlatforms) = preSolution
		Debug|Any CPU = Debug|Any CPU
		Release|Any CPU = Release|Any CPU
	EndGlobalSection
	GlobalSection(ProjectConfigurationPlatforms) = postSolution
		{D8145088-B660-44CE-8720-4B07AD48E978}.Debug|Any CPU.ActiveCfg = Debug|Any CPU
		{D8145088-B660-44CE-8720-4B07AD48E978}.Release|Any CPU.ActiveCfg = Release|Any CPU
	EndGlobalSection
	GlobalSection(SolutionProperties) = preSolution
		HideSolutionNode = FALSE
	EndGlobalSection
	GlobalSection(ExtensibilityGlobals) = postSolution
		SolutionGuid = {DA31B76A-46AD-44BC-8C57-70DCDB24B9BC}
	EndGlobalSection
EndGlobal
